
Microsoft Visual Studio Solution File, Format Version 12.00
# Visual Studio 15
VisualStudioVersion = 15.0.27428.2015
MinimumVisualStudioVersion = 10.0.40219.1
Project("{FAE04EC0-301F-11D3-BF4B-00C04F79EFBC}") = "calcTest", "calcTest\calcTest.csproj", "{A8EDD0DB-65B9-4A88-A8E1-A3A36EBAC701}"
EndProject
Global
	GlobalSection(SolutionConfigurationPlatforms) = preSolution
		Debug|Any CPU = Debug|Any CPU
		Release|Any CPU = Release|Any CPU
	EndGlobalSection
	GlobalSection(ProjectConfigurationPlatforms) = postSolution
		{A8EDD0DB-65B9-4A88-A8E1-A3A36EBAC701}.Debug|Any CPU.ActiveCfg = Debug|Any CPU
		{A8EDD0DB-65B9-4A88-A8E1-A3A36EBAC701}.Debug|Any CPU.Build.0 = Debug|Any CPU
		{A8EDD0DB-65B9-4A88-A8E1-A3A36EBAC701}.Release|Any CPU.ActiveCfg = Release|Any CPU
		{A8EDD0DB-65B9-4A88-A8E1-A3A36EBAC701}.Release|Any CPU.Build.0 = Release|Any CPU
	EndGlobalSection
	GlobalSection(SolutionProperties) = preSolution
		HideSolutionNode = FALSE
	EndGlobalSection
	GlobalSection(ExtensibilityGlobals) = postSolution
		SolutionGuid = {8EF95099-1ADD-479F-9088-78702ECA7BBA}
	EndGlobalSection
EndGlobal
